
Microsoft Visual Studio Solution File, Format Version 12.00
# Visual Studio Version 17
VisualStudioVersion = 17.5.33530.505
MinimumVisualStudioVersion = 10.0.40219.1
Project("{9A19103F-16F7-4668-BE54-9A1E7A4F7556}") = "Api", "Api\Api.csproj", "{FDF50220-59B6-4946-9BD8-EDA765C180C4}"
EndProject
Project("{9A19103F-16F7-4668-BE54-9A1E7A4F7556}") = "Data", "Data\Data.csproj", "{AFCDD148-D7DD-4635-A851-9C62FCBDA4FB}"
EndProject
Project("{9A19103F-16F7-4668-BE54-9A1E7A4F7556}") = "Entities", "Entities\Entities.csproj", "{82B28F92-8169-44CD-A6E1-4E66A2BCDE13}"
EndProject
Project("{9A19103F-16F7-4668-BE54-9A1E7A4F7556}") = "Api.test", "Api.test\Api.test.csproj", "{42542774-BA05-4107-92AA-8158613C48E8}"
EndProject
Global
	GlobalSection(SolutionConfigurationPlatforms) = preSolution
		Debug|Any CPU = Debug|Any CPU
		Release|Any CPU = Release|Any CPU
	EndGlobalSection
	GlobalSection(ProjectConfigurationPlatforms) = postSolution
		{FDF50220-59B6-4946-9BD8-EDA765C180C4}.Debug|Any CPU.ActiveCfg = Debug|Any CPU
		{FDF50220-59B6-4946-9BD8-EDA765C180C4}.Debug|Any CPU.Build.0 = Debug|Any CPU
		{FDF50220-59B6-4946-9BD8-EDA765C180C4}.Release|Any CPU.ActiveCfg = Release|Any CPU
		{FDF50220-59B6-4946-9BD8-EDA765C180C4}.Release|Any CPU.Build.0 = Release|Any CPU
		{AFCDD148-D7DD-4635-A851-9C62FCBDA4FB}.Debug|Any CPU.ActiveCfg = Debug|Any CPU
		{AFCDD148-D7DD-4635-A851-9C62FCBDA4FB}.Debug|Any CPU.Build.0 = Debug|Any CPU
		{AFCDD148-D7DD-4635-A851-9C62FCBDA4FB}.Release|Any CPU.ActiveCfg = Release|Any CPU
		{AFCDD148-D7DD-4635-A851-9C62FCBDA4FB}.Release|Any CPU.Build.0 = Release|Any CPU
		{82B28F92-8169-44CD-A6E1-4E66A2BCDE13}.Debug|Any CPU.ActiveCfg = Debug|Any CPU
		{82B28F92-8169-44CD-A6E1-4E66A2BCDE13}.Debug|Any CPU.Build.0 = Debug|Any CPU
		{82B28F92-8169-44CD-A6E1-4E66A2BCDE13}.Release|Any CPU.ActiveCfg = Release|Any CPU
		{82B28F92-8169-44CD-A6E1-4E66A2BCDE13}.Release|Any CPU.Build.0 = Release|Any CPU
		{42542774-BA05-4107-92AA-8158613C48E8}.Debug|Any CPU.ActiveCfg = Debug|Any CPU
		{42542774-BA05-4107-92AA-8158613C48E8}.Debug|Any CPU.Build.0 = Debug|Any CPU
		{42542774-BA05-4107-92AA-8158613C48E8}.Release|Any CPU.ActiveCfg = Release|Any CPU
		{42542774-BA05-4107-92AA-8158613C48E8}.Release|Any CPU.Build.0 = Release|Any CPU
	EndGlobalSection
	GlobalSection(SolutionProperties) = preSolution
		HideSolutionNode = FALSE
	EndGlobalSection
	GlobalSection(ExtensibilityGlobals) = postSolution
		SolutionGuid = {BEEE8D96-EA3D-4596-B1DD-72DCDE2F7EE3}
	EndGlobalSection
EndGlobal
